
Microsoft Visual Studio Solution File, Format Version 12.00
# Visual Studio Version 17
VisualStudioVersion = 17.0.31612.314
MinimumVisualStudioVersion = 10.0.40219.1
Project("{9A19103F-16F7-4668-BE54-9A1E7A4F7556}") = "Kernel Simulator", "public\Kernel Simulator\Kernel Simulator.csproj", "{C7B37899-C361-423D-9512-FE0A87A46866}"
EndProject
Project("{9A19103F-16F7-4668-BE54-9A1E7A4F7556}") = "KSTests", "private\KSTests\KSTests.csproj", "{2698CB71-9EF6-06A7-2A14-1AFF675F88CB}"
EndProject
Project("{9A19103F-16F7-4668-BE54-9A1E7A4F7556}") = "KSJsonifyLocales", "public\KSJsonifyLocales\KSJsonifyLocales.csproj", "{8EDAE674-CC21-0D06-0641-064C500DE0CC}"
EndProject
Project("{2150E333-8FDC-42A3-9474-1A3956D46DE8}") = "Launchers and Manpages", "Launchers and Manpages", "{F319014C-BA17-4399-9BB9-CEFDB0AC5743}"
	ProjectSection(SolutionItems) = preProject
		public\Kernel Simulator\ks-converter.1 = public\Kernel Simulator\ks-converter.1
		public\Kernel Simulator\ks-converter.cmd = public\Kernel Simulator\ks-converter.cmd
		public\Kernel Simulator\ks-converter.sh = public\Kernel Simulator\ks-converter.sh
		public\Kernel Simulator\ks-jl.1 = public\Kernel Simulator\ks-jl.1
		public\Kernel Simulator\ks-jl.cmd = public\Kernel Simulator\ks-jl.cmd
		public\Kernel Simulator\ks-jl.sh = public\Kernel Simulator\ks-jl.sh
		public\Kernel Simulator\ks.1 = public\Kernel Simulator\ks.1
		public\Kernel Simulator\ks.cmd = public\Kernel Simulator\ks.cmd
		public\Kernel Simulator\ks.desktop = public\Kernel Simulator\ks.desktop
		public\Kernel Simulator\ks.sh = public\Kernel Simulator\ks.sh
	EndProjectSection
EndProject
Project("{2150E333-8FDC-42A3-9474-1A3956D46DE8}") = "Public", "Public", "{A32F9CED-BCDB-48A7-A42D-E98E33BD6E65}"
EndProject
Project("{2150E333-8FDC-42A3-9474-1A3956D46DE8}") = "Internal", "Internal", "{61916ED1-66D6-4938-9F1A-D0DF38D16E20}"
	ProjectSection(SolutionItems) = preProject
		private\NewStrings.txt = private\NewStrings.txt
	EndProjectSection
EndProject
Project("{2150E333-8FDC-42A3-9474-1A3956D46DE8}") = "Kernel Simulator Source", "Kernel Simulator Source", "{6A7CBCC5-37B9-402E-8590-DBD4D3B93579}"
EndProject
Project("{9A19103F-16F7-4668-BE54-9A1E7A4F7556}") = "KSCleanUnusedLocales", "private\KSCleanUnusedLocales\KSCleanUnusedLocales.csproj", "{22744969-682D-4974-895E-53079DA9EA3C}"
EndProject
Global
	GlobalSection(SolutionConfigurationPlatforms) = preSolution
		Debug|Any CPU = Debug|Any CPU
		Release|Any CPU = Release|Any CPU
	EndGlobalSection
	GlobalSection(ProjectConfigurationPlatforms) = postSolution
		{C7B37899-C361-423D-9512-FE0A87A46866}.Debug|Any CPU.ActiveCfg = Debug|Any CPU
		{C7B37899-C361-423D-9512-FE0A87A46866}.Debug|Any CPU.Build.0 = Debug|Any CPU
		{C7B37899-C361-423D-9512-FE0A87A46866}.Release|Any CPU.ActiveCfg = Release|Any CPU
		{C7B37899-C361-423D-9512-FE0A87A46866}.Release|Any CPU.Build.0 = Release|Any CPU
		{2698CB71-9EF6-06A7-2A14-1AFF675F88CB}.Debug|Any CPU.ActiveCfg = Debug|Any CPU
		{2698CB71-9EF6-06A7-2A14-1AFF675F88CB}.Debug|Any CPU.Build.0 = Debug|Any CPU
		{2698CB71-9EF6-06A7-2A14-1AFF675F88CB}.Release|Any CPU.ActiveCfg = Release|Any CPU
		{2698CB71-9EF6-06A7-2A14-1AFF675F88CB}.Release|Any CPU.Build.0 = Release|Any CPU
		{8EDAE674-CC21-0D06-0641-064C500DE0CC}.Debug|Any CPU.ActiveCfg = Debug|Any CPU
		{8EDAE674-CC21-0D06-0641-064C500DE0CC}.Debug|Any CPU.Build.0 = Debug|Any CPU
		{8EDAE674-CC21-0D06-0641-064C500DE0CC}.Release|Any CPU.ActiveCfg = Release|Any CPU
		{8EDAE674-CC21-0D06-0641-064C500DE0CC}.Release|Any CPU.Build.0 = Release|Any CPU
		{22744969-682D-4974-895E-53079DA9EA3C}.Debug|Any CPU.ActiveCfg = Debug|Any CPU
		{22744969-682D-4974-895E-53079DA9EA3C}.Debug|Any CPU.Build.0 = Debug|Any CPU
		{22744969-682D-4974-895E-53079DA9EA3C}.Release|Any CPU.ActiveCfg = Release|Any CPU
		{22744969-682D-4974-895E-53079DA9EA3C}.Release|Any CPU.Build.0 = Release|Any CPU
	EndGlobalSection
	GlobalSection(SolutionProperties) = preSolution
		HideSolutionNode = FALSE
	EndGlobalSection
	GlobalSection(NestedProjects) = preSolution
		{C7B37899-C361-423D-9512-FE0A87A46866} = {A32F9CED-BCDB-48A7-A42D-E98E33BD6E65}
		{2698CB71-9EF6-06A7-2A14-1AFF675F88CB} = {61916ED1-66D6-4938-9F1A-D0DF38D16E20}
		{8EDAE674-CC21-0D06-0641-064C500DE0CC} = {A32F9CED-BCDB-48A7-A42D-E98E33BD6E65}
		{F319014C-BA17-4399-9BB9-CEFDB0AC5743} = {A32F9CED-BCDB-48A7-A42D-E98E33BD6E65}
		{A32F9CED-BCDB-48A7-A42D-E98E33BD6E65} = {6A7CBCC5-37B9-402E-8590-DBD4D3B93579}
		{61916ED1-66D6-4938-9F1A-D0DF38D16E20} = {6A7CBCC5-37B9-402E-8590-DBD4D3B93579}
		{22744969-682D-4974-895E-53079DA9EA3C} = {61916ED1-66D6-4938-9F1A-D0DF38D16E20}
	EndGlobalSection
	GlobalSection(ExtensibilityGlobals) = postSolution
		SolutionGuid = {424D8E7A-CFEB-40AE-A79C-437D603177FD}
	EndGlobalSection
EndGlobal
