
Microsoft Visual Studio Solution File, Format Version 12.00
# Visual Studio Version 17
VisualStudioVersion = 17.0.31612.314
MinimumVisualStudioVersion = 10.0.40219.1
Project("{9A19103F-16F7-4668-BE54-9A1E7A4F7556}") = "Kernel Simulator", "Kernel Simulator\Kernel Simulator.csproj", "{7597F9F2-0F39-0DCC-174A-3474E5335CC6}"
EndProject
Project("{9A19103F-16F7-4668-BE54-9A1E7A4F7556}") = "KSTests", "KSTests\KSTests.csproj", "{2698CB71-9EF6-06A7-2A14-1AFF675F88CB}"
EndProject
Project("{9A19103F-16F7-4668-BE54-9A1E7A4F7556}") = "KSConverter", "KSConverter\KSConverter.csproj", "{7384C691-E9CD-0A3A-0C15-D507D5EF6E89}"
EndProject
Project("{9A19103F-16F7-4668-BE54-9A1E7A4F7556}") = "KSJsonifyLocales", "KSJsonifyLocales\KSJsonifyLocales.csproj", "{8EDAE674-CC21-0D06-0641-064C500DE0CC}"
EndProject
Project("{2150E333-8FDC-42A3-9474-1A3956D46DE8}") = "Solution Items", "Solution Items", "{D8078B1D-C519-405B-B751-9C1426A4D99B}"
	ProjectSection(SolutionItems) = preProject
		.editorconfig = .editorconfig
	EndProjectSection
EndProject
Project("{2150E333-8FDC-42A3-9474-1A3956D46DE8}") = "Launchers and Manpages", "Launchers and Manpages", "{F319014C-BA17-4399-9BB9-CEFDB0AC5743}"
	ProjectSection(SolutionItems) = preProject
		Kernel Simulator\ks-converter.1 = Kernel Simulator\ks-converter.1
		Kernel Simulator\ks-converter.cmd = Kernel Simulator\ks-converter.cmd
		Kernel Simulator\ks-converter.sh = Kernel Simulator\ks-converter.sh
		Kernel Simulator\ks-jl.1 = Kernel Simulator\ks-jl.1
		Kernel Simulator\ks-jl.cmd = Kernel Simulator\ks-jl.cmd
		Kernel Simulator\ks-jl.sh = Kernel Simulator\ks-jl.sh
		Kernel Simulator\ks.1 = Kernel Simulator\ks.1
		Kernel Simulator\ks.cmd = Kernel Simulator\ks.cmd
		Kernel Simulator\ks.desktop = Kernel Simulator\ks.desktop
		Kernel Simulator\ks.sh = Kernel Simulator\ks.sh
	EndProjectSection
EndProject
Project("{2150E333-8FDC-42A3-9474-1A3956D46DE8}") = "Documentation Generator Source", "Documentation Generator Source", "{EC9EF735-4C67-4F75-83DA-B107CC8FA67E}"
	ProjectSection(SolutionItems) = preProject
		DocGen\.gitignore = DocGen\.gitignore
		DocGen\docfx.json = DocGen\docfx.json
		DocGen\filterConfig.yml = DocGen\filterConfig.yml
		DocGen\index.md = DocGen\index.md
		DocGen\toc.yml = DocGen\toc.yml
	EndProjectSection
EndProject
Project("{2150E333-8FDC-42A3-9474-1A3956D46DE8}") = "Public", "Public", "{A32F9CED-BCDB-48A7-A42D-E98E33BD6E65}"
EndProject
Project("{2150E333-8FDC-42A3-9474-1A3956D46DE8}") = "Internal", "Internal", "{61916ED1-66D6-4938-9F1A-D0DF38D16E20}"
EndProject
Project("{2150E333-8FDC-42A3-9474-1A3956D46DE8}") = "Kernel Simulator Source", "Kernel Simulator Source", "{6A7CBCC5-37B9-402E-8590-DBD4D3B93579}"
EndProject
Project("{9A19103F-16F7-4668-BE54-9A1E7A4F7556}") = "KSCleanUnusedLocales", "KSCleanUnusedLocales\KSCleanUnusedLocales.csproj", "{22744969-682D-4974-895E-53079DA9EA3C}"
EndProject
Global
	GlobalSection(SolutionConfigurationPlatforms) = preSolution
		Debug|Any CPU = Debug|Any CPU
		Debug-dotnet|Any CPU = Debug-dotnet|Any CPU
		Release|Any CPU = Release|Any CPU
		Release-dotnet|Any CPU = Release-dotnet|Any CPU
	EndGlobalSection
	GlobalSection(ProjectConfigurationPlatforms) = postSolution
		{7597F9F2-0F39-0DCC-174A-3474E5335CC6}.Debug|Any CPU.ActiveCfg = Debug|Any CPU
		{7597F9F2-0F39-0DCC-174A-3474E5335CC6}.Debug|Any CPU.Build.0 = Debug|Any CPU
		{7597F9F2-0F39-0DCC-174A-3474E5335CC6}.Debug-dotnet|Any CPU.ActiveCfg = Debug-dotnet|Any CPU
		{7597F9F2-0F39-0DCC-174A-3474E5335CC6}.Debug-dotnet|Any CPU.Build.0 = Debug-dotnet|Any CPU
		{7597F9F2-0F39-0DCC-174A-3474E5335CC6}.Release|Any CPU.ActiveCfg = Release|Any CPU
		{7597F9F2-0F39-0DCC-174A-3474E5335CC6}.Release|Any CPU.Build.0 = Release|Any CPU
		{7597F9F2-0F39-0DCC-174A-3474E5335CC6}.Release-dotnet|Any CPU.ActiveCfg = Release-dotnet|Any CPU
		{7597F9F2-0F39-0DCC-174A-3474E5335CC6}.Release-dotnet|Any CPU.Build.0 = Release-dotnet|Any CPU
		{2698CB71-9EF6-06A7-2A14-1AFF675F88CB}.Debug|Any CPU.ActiveCfg = Debug|Any CPU
		{2698CB71-9EF6-06A7-2A14-1AFF675F88CB}.Debug|Any CPU.Build.0 = Debug|Any CPU
		{2698CB71-9EF6-06A7-2A14-1AFF675F88CB}.Debug-dotnet|Any CPU.ActiveCfg = Debug-dotnet|Any CPU
		{2698CB71-9EF6-06A7-2A14-1AFF675F88CB}.Debug-dotnet|Any CPU.Build.0 = Debug-dotnet|Any CPU
		{2698CB71-9EF6-06A7-2A14-1AFF675F88CB}.Release|Any CPU.ActiveCfg = Release|Any CPU
		{2698CB71-9EF6-06A7-2A14-1AFF675F88CB}.Release|Any CPU.Build.0 = Release|Any CPU
		{2698CB71-9EF6-06A7-2A14-1AFF675F88CB}.Release-dotnet|Any CPU.ActiveCfg = Release-dotnet|Any CPU
		{2698CB71-9EF6-06A7-2A14-1AFF675F88CB}.Release-dotnet|Any CPU.Build.0 = Release-dotnet|Any CPU
		{7384C691-E9CD-0A3A-0C15-D507D5EF6E89}.Debug|Any CPU.ActiveCfg = Debug|Any CPU
		{7384C691-E9CD-0A3A-0C15-D507D5EF6E89}.Debug|Any CPU.Build.0 = Debug|Any CPU
		{7384C691-E9CD-0A3A-0C15-D507D5EF6E89}.Debug-dotnet|Any CPU.ActiveCfg = Debug-dotnet|Any CPU
		{7384C691-E9CD-0A3A-0C15-D507D5EF6E89}.Debug-dotnet|Any CPU.Build.0 = Debug-dotnet|Any CPU
		{7384C691-E9CD-0A3A-0C15-D507D5EF6E89}.Release|Any CPU.ActiveCfg = Release|Any CPU
		{7384C691-E9CD-0A3A-0C15-D507D5EF6E89}.Release|Any CPU.Build.0 = Release|Any CPU
		{7384C691-E9CD-0A3A-0C15-D507D5EF6E89}.Release-dotnet|Any CPU.ActiveCfg = Release-dotnet|Any CPU
		{7384C691-E9CD-0A3A-0C15-D507D5EF6E89}.Release-dotnet|Any CPU.Build.0 = Release-dotnet|Any CPU
		{8EDAE674-CC21-0D06-0641-064C500DE0CC}.Debug|Any CPU.ActiveCfg = Debug|Any CPU
		{8EDAE674-CC21-0D06-0641-064C500DE0CC}.Debug|Any CPU.Build.0 = Debug|Any CPU
		{8EDAE674-CC21-0D06-0641-064C500DE0CC}.Debug-dotnet|Any CPU.ActiveCfg = Debug-dotnet|Any CPU
		{8EDAE674-CC21-0D06-0641-064C500DE0CC}.Debug-dotnet|Any CPU.Build.0 = Debug-dotnet|Any CPU
		{8EDAE674-CC21-0D06-0641-064C500DE0CC}.Release|Any CPU.ActiveCfg = Release|Any CPU
		{8EDAE674-CC21-0D06-0641-064C500DE0CC}.Release|Any CPU.Build.0 = Release|Any CPU
		{8EDAE674-CC21-0D06-0641-064C500DE0CC}.Release-dotnet|Any CPU.ActiveCfg = Release-dotnet|Any CPU
		{8EDAE674-CC21-0D06-0641-064C500DE0CC}.Release-dotnet|Any CPU.Build.0 = Release-dotnet|Any CPU
		{22744969-682D-4974-895E-53079DA9EA3C}.Debug|Any CPU.ActiveCfg = Debug|Any CPU
		{22744969-682D-4974-895E-53079DA9EA3C}.Debug|Any CPU.Build.0 = Debug|Any CPU
		{22744969-682D-4974-895E-53079DA9EA3C}.Debug-dotnet|Any CPU.ActiveCfg = Debug|Any CPU
		{22744969-682D-4974-895E-53079DA9EA3C}.Debug-dotnet|Any CPU.Build.0 = Debug|Any CPU
		{22744969-682D-4974-895E-53079DA9EA3C}.Release|Any CPU.ActiveCfg = Release|Any CPU
		{22744969-682D-4974-895E-53079DA9EA3C}.Release|Any CPU.Build.0 = Release|Any CPU
		{22744969-682D-4974-895E-53079DA9EA3C}.Release-dotnet|Any CPU.ActiveCfg = Release|Any CPU
		{22744969-682D-4974-895E-53079DA9EA3C}.Release-dotnet|Any CPU.Build.0 = Release|Any CPU
	EndGlobalSection
	GlobalSection(SolutionProperties) = preSolution
		HideSolutionNode = FALSE
	EndGlobalSection
	GlobalSection(NestedProjects) = preSolution
		{7597F9F2-0F39-0DCC-174A-3474E5335CC6} = {A32F9CED-BCDB-48A7-A42D-E98E33BD6E65}
		{2698CB71-9EF6-06A7-2A14-1AFF675F88CB} = {61916ED1-66D6-4938-9F1A-D0DF38D16E20}
		{7384C691-E9CD-0A3A-0C15-D507D5EF6E89} = {A32F9CED-BCDB-48A7-A42D-E98E33BD6E65}
		{8EDAE674-CC21-0D06-0641-064C500DE0CC} = {A32F9CED-BCDB-48A7-A42D-E98E33BD6E65}
		{A32F9CED-BCDB-48A7-A42D-E98E33BD6E65} = {6A7CBCC5-37B9-402E-8590-DBD4D3B93579}
		{61916ED1-66D6-4938-9F1A-D0DF38D16E20} = {6A7CBCC5-37B9-402E-8590-DBD4D3B93579}
		{22744969-682D-4974-895E-53079DA9EA3C} = {61916ED1-66D6-4938-9F1A-D0DF38D16E20}
	EndGlobalSection
	GlobalSection(ExtensibilityGlobals) = postSolution
		SolutionGuid = {424D8E7A-CFEB-40AE-A79C-437D603177FD}
	EndGlobalSection
EndGlobal
