
Microsoft Visual Studio Solution File, Format Version 12.00
# Visual Studio Version 17
VisualStudioVersion = 17.0.31612.314
MinimumVisualStudioVersion = 10.0.40219.1
Project("{9A19103F-16F7-4668-BE54-9A1E7A4F7556}") = "Nitrocid", "public\Nitrocid\Nitrocid.csproj", "{C7B37899-C361-423D-9512-FE0A87A46866}"
EndProject
Project("{9A19103F-16F7-4668-BE54-9A1E7A4F7556}") = "Nitrocid.Tests", "private\Nitrocid.Tests\Nitrocid.Tests.csproj", "{2698CB71-9EF6-06A7-2A14-1AFF675F88CB}"
	ProjectSection(ProjectDependencies) = postProject
		{105FE455-5D01-4B8C-AEF6-7F22A3BE28E6} = {105FE455-5D01-4B8C-AEF6-7F22A3BE28E6}
		{1489748E-EB06-493F-946C-17707300BCBC} = {1489748E-EB06-493F-946C-17707300BCBC}
		{1BDA8AC6-D528-4FC4-99B1-EB5C0DC58AF1} = {1BDA8AC6-D528-4FC4-99B1-EB5C0DC58AF1}
		{1FF6B472-0BA8-4777-B29C-E59DEE906449} = {1FF6B472-0BA8-4777-B29C-E59DEE906449}
		{47239E70-B4A0-4127-A6E9-0749EED2B3BB} = {47239E70-B4A0-4127-A6E9-0749EED2B3BB}
		{496A58B1-70D3-418A-A1B6-703EA8FC0790} = {496A58B1-70D3-418A-A1B6-703EA8FC0790}
		{5015FDA2-DF20-48A0-9A39-CAB01E68B216} = {5015FDA2-DF20-48A0-9A39-CAB01E68B216}
		{576098AB-C503-4899-8837-EE358CF83D84} = {576098AB-C503-4899-8837-EE358CF83D84}
		{5A7F971C-01BF-4A21-81A3-B35E730C6291} = {5A7F971C-01BF-4A21-81A3-B35E730C6291}
		{61801B9A-33F4-425F-A491-D53596469967} = {61801B9A-33F4-425F-A491-D53596469967}
		{6EF92B76-A66D-4964-A03A-85E78657CA35} = {6EF92B76-A66D-4964-A03A-85E78657CA35}
		{795E304D-A5A0-45B6-BE43-D2842A28EB45} = {795E304D-A5A0-45B6-BE43-D2842A28EB45}
		{7D35B696-2213-4B97-86E8-BBE0EDC30986} = {7D35B696-2213-4B97-86E8-BBE0EDC30986}
		{A2221A27-DD49-4A3F-8C86-05C9BCD91B49} = {A2221A27-DD49-4A3F-8C86-05C9BCD91B49}
		{A5AADCD6-8F1A-4DDC-BA7D-7D9914C60E81} = {A5AADCD6-8F1A-4DDC-BA7D-7D9914C60E81}
		{AF42D099-F2C1-4028-B61B-531C73996DEC} = {AF42D099-F2C1-4028-B61B-531C73996DEC}
		{B05191FF-8592-40BD-8120-61BF3BBDB252} = {B05191FF-8592-40BD-8120-61BF3BBDB252}
		{B39C7E6E-1CD4-4C97-B6AE-0AA7592A37B6} = {B39C7E6E-1CD4-4C97-B6AE-0AA7592A37B6}
		{DAF14C98-59F8-4C62-95B5-7ECE6B6D0AC7} = {DAF14C98-59F8-4C62-95B5-7ECE6B6D0AC7}
		{DEB14710-C505-4207-9C50-C0EE4F0145D7} = {DEB14710-C505-4207-9C50-C0EE4F0145D7}
		{F37FE782-25B3-4923-A098-668007AC74F6} = {F37FE782-25B3-4923-A098-668007AC74F6}
		{F8ECF591-B6B0-4F0D-A5A9-8D7031FCB931} = {F8ECF591-B6B0-4F0D-A5A9-8D7031FCB931}
		{FD43CAC8-4770-4C63-ABBF-C382D378C02E} = {FD43CAC8-4770-4C63-ABBF-C382D378C02E}
	EndProjectSection
EndProject
Project("{9A19103F-16F7-4668-BE54-9A1E7A4F7556}") = "Nitrocid.LocaleGen", "public\Nitrocid.LocaleGen\Nitrocid.LocaleGen.csproj", "{8EDAE674-CC21-0D06-0641-064C500DE0CC}"
EndProject
Project("{2150E333-8FDC-42A3-9474-1A3956D46DE8}") = "Public", "Public", "{A32F9CED-BCDB-48A7-A42D-E98E33BD6E65}"
EndProject
Project("{2150E333-8FDC-42A3-9474-1A3956D46DE8}") = "Private", "Private", "{61916ED1-66D6-4938-9F1A-D0DF38D16E20}"
EndProject
Project("{9A19103F-16F7-4668-BE54-9A1E7A4F7556}") = "Nitrocid.LocaleClean", "private\Nitrocid.LocaleClean\Nitrocid.LocaleClean.csproj", "{22744969-682D-4974-895E-53079DA9EA3C}"
EndProject
Project("{9A19103F-16F7-4668-BE54-9A1E7A4F7556}") = "Nitrocid.LocaleGen.Core", "public\Nitrocid.LocaleGen.Core\Nitrocid.LocaleGen.Core.csproj", "{09ACA8A4-5AC2-413B-A2EC-4FC5B168E5D0}"
	ProjectSection(ProjectDependencies) = postProject
		{C7B37899-C361-423D-9512-FE0A87A46866} = {C7B37899-C361-423D-9512-FE0A87A46866}
	EndProjectSection
EndProject
Project("{9A19103F-16F7-4668-BE54-9A1E7A4F7556}") = "Nitrocid.Analyzers", "public\Nitrocid.Analyzers\Nitrocid.Analyzers\Nitrocid.Analyzers.csproj", "{511E3B93-C6BF-4DFF-88D1-165FD3BCF428}"
EndProject
Project("{9A19103F-16F7-4668-BE54-9A1E7A4F7556}") = "Nitrocid.Analyzers.CodeFixes", "public\Nitrocid.Analyzers\Nitrocid.Analyzers.CodeFixes\Nitrocid.Analyzers.CodeFixes.csproj", "{92EFB380-0B78-4B92-A227-F0B6BF982F19}"
EndProject
Project("{9A19103F-16F7-4668-BE54-9A1E7A4F7556}") = "Nitrocid.Analyzers.Package", "public\Nitrocid.Analyzers\Nitrocid.Analyzers.Package\Nitrocid.Analyzers.Package.csproj", "{A9D16C17-745F-467E-854F-A5C40A28D7A9}"
EndProject
Project("{9A19103F-16F7-4668-BE54-9A1E7A4F7556}") = "Nitrocid.Analyzers.Test", "private\Nitrocid.Analyzers.Test\Nitrocid.Analyzers.Test.csproj", "{E7FE453F-AD54-4286-B129-4788C7729F5F}"
EndProject
Project("{9A19103F-16F7-4668-BE54-9A1E7A4F7556}") = "Nitrocid.Analyzers.Vsix", "public\Nitrocid.Analyzers\Nitrocid.Analyzers.Vsix\Nitrocid.Analyzers.Vsix.csproj", "{AD2CC906-EC76-4736-A216-6453114A0C0C}"
EndProject
Project("{9A19103F-16F7-4668-BE54-9A1E7A4F7556}") = "Nitrocid.LocaleCheck", "private\Nitrocid.LocaleCheck\Nitrocid.LocaleCheck.csproj", "{CB35C763-7560-4B64-B756-9DE23FC5BBBE}"
EndProject
Project("{9A19103F-16F7-4668-BE54-9A1E7A4F7556}") = "Nitrocid.StandaloneAnalyzer", "public\Nitrocid.Analyzers\Nitrocid.StandaloneAnalyzer\Nitrocid.StandaloneAnalyzer.csproj", "{DF07F4E1-47B2-452D-A200-F15F558C4977}"
	ProjectSection(ProjectDependencies) = postProject
		{511E3B93-C6BF-4DFF-88D1-165FD3BCF428} = {511E3B93-C6BF-4DFF-88D1-165FD3BCF428}
	EndProjectSection
EndProject
Project("{9A19103F-16F7-4668-BE54-9A1E7A4F7556}") = "Nitrocid.LocaleTools", "private\Nitrocid.LocaleTools\Nitrocid.LocaleTools.csproj", "{5BA304B0-7162-4261-894C-9EDEF169253F}"
EndProject
Project("{2150E333-8FDC-42A3-9474-1A3956D46DE8}") = "Addons", "Addons", "{B60F276A-FE12-4001-916E-080344ED1FD9}"
EndProject
Project("{9A19103F-16F7-4668-BE54-9A1E7A4F7556}") = "Nitrocid.ThemePacks", "public\Nitrocid.Addons\Nitrocid.ThemePacks\Nitrocid.ThemePacks.csproj", "{795E304D-A5A0-45B6-BE43-D2842A28EB45}"
EndProject
Project("{9A19103F-16F7-4668-BE54-9A1E7A4F7556}") = "Nitrocid.LanguagePacks", "public\Nitrocid.Addons\Nitrocid.LanguagePacks\Nitrocid.LanguagePacks.csproj", "{B05191FF-8592-40BD-8120-61BF3BBDB252}"
EndProject
Project("{9A19103F-16F7-4668-BE54-9A1E7A4F7556}") = "Nitrocid.Extras.Notes", "public\Nitrocid.Addons\Nitrocid.Extras.Notes\Nitrocid.Extras.Notes.csproj", "{105FE455-5D01-4B8C-AEF6-7F22A3BE28E6}"
EndProject
Project("{9A19103F-16F7-4668-BE54-9A1E7A4F7556}") = "Nitrocid.Extras.Tips", "public\Nitrocid.Addons\Nitrocid.Extras.Tips\Nitrocid.Extras.Tips.csproj", "{DEB14710-C505-4207-9C50-C0EE4F0145D7}"
EndProject
Project("{9A19103F-16F7-4668-BE54-9A1E7A4F7556}") = "Nitrocid.Extras.GitShell", "public\Nitrocid.Addons\Nitrocid.Extras.GitShell\Nitrocid.Extras.GitShell.csproj", "{5015FDA2-DF20-48A0-9A39-CAB01E68B216}"
EndProject
Project("{9A19103F-16F7-4668-BE54-9A1E7A4F7556}") = "Nitrocid.Extras.Amusements", "public\Nitrocid.Addons\Nitrocid.Extras.Amusements\Nitrocid.Extras.Amusements.csproj", "{1FF6B472-0BA8-4777-B29C-E59DEE906449}"
EndProject
Project("{9A19103F-16F7-4668-BE54-9A1E7A4F7556}") = "Nitrocid.Extras.ArchiveShell", "public\Nitrocid.Addons\Nitrocid.Extras.ArchiveShell\Nitrocid.Extras.ArchiveShell.csproj", "{AF42D099-F2C1-4028-B61B-531C73996DEC}"
EndProject
Project("{9A19103F-16F7-4668-BE54-9A1E7A4F7556}") = "Nitrocid.Extras.Calendar", "public\Nitrocid.Addons\Nitrocid.Extras.Calendar\Nitrocid.Extras.Calendar.csproj", "{7D35B696-2213-4B97-86E8-BBE0EDC30986}"
EndProject
Project("{9A19103F-16F7-4668-BE54-9A1E7A4F7556}") = "Nitrocid.Extras.Contacts", "public\Nitrocid.Addons\Nitrocid.Extras.Contacts\Nitrocid.Extras.Contacts.csproj", "{5A7F971C-01BF-4A21-81A3-B35E730C6291}"
EndProject
Project("{9A19103F-16F7-4668-BE54-9A1E7A4F7556}") = "Nitrocid.Extras.Forecast", "public\Nitrocid.Addons\Nitrocid.Extras.Forecast\Nitrocid.Extras.Forecast.csproj", "{6EF92B76-A66D-4964-A03A-85E78657CA35}"
EndProject
Project("{9A19103F-16F7-4668-BE54-9A1E7A4F7556}") = "Nitrocid.Extras.ToDoList", "public\Nitrocid.Addons\Nitrocid.Extras.ToDoList\Nitrocid.Extras.ToDoList.csproj", "{DAF14C98-59F8-4C62-95B5-7ECE6B6D0AC7}"
EndProject
Project("{9A19103F-16F7-4668-BE54-9A1E7A4F7556}") = "Nitrocid.Extras.Timers", "public\Nitrocid.Addons\Nitrocid.Extras.Timers\Nitrocid.Extras.Timers.csproj", "{A2221A27-DD49-4A3F-8C86-05C9BCD91B49}"
EndProject
Project("{9A19103F-16F7-4668-BE54-9A1E7A4F7556}") = "Nitrocid.Extras.Dictionary", "public\Nitrocid.Addons\Nitrocid.Extras.Dictionary\Nitrocid.Extras.Dictionary.csproj", "{B39C7E6E-1CD4-4C97-B6AE-0AA7592A37B6}"
EndProject
Project("{9A19103F-16F7-4668-BE54-9A1E7A4F7556}") = "Nitrocid.Extras.NameGen", "public\Nitrocid.Addons\Nitrocid.Extras.NameGen\Nitrocid.Extras.NameGen.csproj", "{496A58B1-70D3-418A-A1B6-703EA8FC0790}"
EndProject
Project("{9A19103F-16F7-4668-BE54-9A1E7A4F7556}") = "Nitrocid.Extras.UnitConv", "public\Nitrocid.Addons\Nitrocid.Extras.UnitConv\Nitrocid.Extras.UnitConv.csproj", "{FD43CAC8-4770-4C63-ABBF-C382D378C02E}"
EndProject
Project("{9A19103F-16F7-4668-BE54-9A1E7A4F7556}") = "Nitrocid.Extras.BassBoom", "public\Nitrocid.Addons\Nitrocid.Extras.BassBoom\Nitrocid.Extras.BassBoom.csproj", "{47239E70-B4A0-4127-A6E9-0749EED2B3BB}"
EndProject
Project("{9A19103F-16F7-4668-BE54-9A1E7A4F7556}") = "Nitrocid.Extras.Calculators", "public\Nitrocid.Addons\Nitrocid.Extras.Calculators\Nitrocid.Extras.Calculators.csproj", "{1489748E-EB06-493F-946C-17707300BCBC}"
EndProject
Project("{9A19103F-16F7-4668-BE54-9A1E7A4F7556}") = "Nitrocid.ScreensaverPacks", "public\Nitrocid.Addons\Nitrocid.ScreensaverPacks\Nitrocid.ScreensaverPacks.csproj", "{1BDA8AC6-D528-4FC4-99B1-EB5C0DC58AF1}"
EndProject
Project("{9A19103F-16F7-4668-BE54-9A1E7A4F7556}") = "Nitrocid.SplashPacks", "public\Nitrocid.Addons\Nitrocid.SplashPacks\Nitrocid.SplashPacks.csproj", "{61801B9A-33F4-425F-A491-D53596469967}"
EndProject
Project("{9A19103F-16F7-4668-BE54-9A1E7A4F7556}") = "Nitrocid.Extras.ThemeStudio", "public\Nitrocid.Addons\Nitrocid.Extras.ThemeStudio\Nitrocid.Extras.ThemeStudio.csproj", "{F37FE782-25B3-4923-A098-668007AC74F6}"
EndProject
Project("{9A19103F-16F7-4668-BE54-9A1E7A4F7556}") = "Nitrocid.Extras.LanguageStudio", "public\Nitrocid.Addons\Nitrocid.Extras.LanguageStudio\Nitrocid.Extras.LanguageStudio.csproj", "{A5AADCD6-8F1A-4DDC-BA7D-7D9914C60E81}"
EndProject
Project("{9A19103F-16F7-4668-BE54-9A1E7A4F7556}") = "Nitrocid.Extras.ColorConvert", "public\Nitrocid.Addons\Nitrocid.Extras.ColorConvert\Nitrocid.Extras.ColorConvert.csproj", "{576098AB-C503-4899-8837-EE358CF83D84}"
EndProject
Project("{9A19103F-16F7-4668-BE54-9A1E7A4F7556}") = "Nitrocid.Extras.TimeInfo", "public\Nitrocid.Addons\Nitrocid.Extras.TimeInfo\Nitrocid.Extras.TimeInfo.csproj", "{F8ECF591-B6B0-4F0D-A5A9-8D7031FCB931}"
EndProject
Project("{9A19103F-16F7-4668-BE54-9A1E7A4F7556}") = "Nitrocid.Extras.InternetRadioInfo", "public\Nitrocid.Addons\Nitrocid.Extras.InternetRadioInfo\Nitrocid.Extras.InternetRadioInfo.csproj", "{05841EA5-C60B-4B56-B878-255DB57AF0F5}"
EndProject
Project("{9A19103F-16F7-4668-BE54-9A1E7A4F7556}") = "Nitrocid.Extras.Caffeine", "public\Nitrocid.Addons\Nitrocid.Extras.Caffeine\Nitrocid.Extras.Caffeine.csproj", "{53B6F4EB-1D44-4374-AE80-A62EF30E4512}"
EndProject
Project("{9A19103F-16F7-4668-BE54-9A1E7A4F7556}") = "Nitrocid.Extras.FtpShell", "public\Nitrocid.Addons\Nitrocid.Extras.FtpShell\Nitrocid.Extras.FtpShell.csproj", "{A69CD587-AC67-4C22-8F56-7E8C500E7A09}"
EndProject
Project("{9A19103F-16F7-4668-BE54-9A1E7A4F7556}") = "Nitrocid.Extras.HttpShell", "public\Nitrocid.Addons\Nitrocid.Extras.HttpShell\Nitrocid.Extras.HttpShell.csproj", "{EB30E7B1-667C-4184-A83A-42D47990219B}"
EndProject
Project("{9A19103F-16F7-4668-BE54-9A1E7A4F7556}") = "Nitrocid.Extras.MailShell", "public\Nitrocid.Addons\Nitrocid.Extras.MailShell\Nitrocid.Extras.MailShell.csproj", "{5B956652-C8D2-41FA-97D5-3E00208959D0}"
EndProject
Project("{9A19103F-16F7-4668-BE54-9A1E7A4F7556}") = "Nitrocid.Extras.SftpShell", "public\Nitrocid.Addons\Nitrocid.Extras.SftpShell\Nitrocid.Extras.SftpShell.csproj", "{3495603B-2389-410C-899C-F69EFDD17EE1}"
EndProject
Project("{9A19103F-16F7-4668-BE54-9A1E7A4F7556}") = "Nitrocid.Extras.RssShell", "public\Nitrocid.Addons\Nitrocid.Extras.RssShell\Nitrocid.Extras.RssShell.csproj", "{50E56FBD-0CFE-4B47-9211-DA113BDC0D54}"
EndProject
Project("{2150E333-8FDC-42A3-9474-1A3956D46DE8}") = "Analyzers", "Analyzers", "{60986DC6-07C5-40D1-A305-741E8ABE39FC}"
EndProject
Project("{2150E333-8FDC-42A3-9474-1A3956D46DE8}") = "Locales", "Locales", "{804E124D-5B66-4F40-BB98-776CD386E618}"
EndProject
Project("{2150E333-8FDC-42A3-9474-1A3956D46DE8}") = "Locales", "Locales", "{5427F963-3094-4111-AB05-DAE364A8DF67}"
EndProject
Project("{2150E333-8FDC-42A3-9474-1A3956D46DE8}") = "Testing", "Testing", "{D5693E90-DBB5-4C20-B83B-A200CEB8A639}"
EndProject
Project("{9A19103F-16F7-4668-BE54-9A1E7A4F7556}") = "Nitrocid.Extras.SqlShell", "public\Nitrocid.Addons\Nitrocid.Extras.SqlShell\Nitrocid.Extras.SqlShell.csproj", "{0206B299-10B2-4FD4-B21A-14395AEE2E64}"
EndProject
Project("{9A19103F-16F7-4668-BE54-9A1E7A4F7556}") = "Nitrocid.Extras.JsonShell", "public\Nitrocid.Addons\Nitrocid.Extras.JsonShell\Nitrocid.Extras.JsonShell.csproj", "{71F19E75-8C3A-4224-94AD-6419E77F8670}"
EndProject
Project("{9A19103F-16F7-4668-BE54-9A1E7A4F7556}") = "Nitrocid.Extras.Docking", "public\Nitrocid.Addons\Nitrocid.Extras.Docking\Nitrocid.Extras.Docking.csproj", "{C83EB703-1DE7-48C9-9406-1CFA5140235F}"
EndProject
Project("{9A19103F-16F7-4668-BE54-9A1E7A4F7556}") = "Nitrocid.Extras.Diagnostics", "public\Nitrocid.Addons\Nitrocid.Extras.Diagnostics\Nitrocid.Extras.Diagnostics.csproj", "{47BECAD8-5DB2-4DE1-B0F0-3225E3396AF7}"
EndProject
Project("{9A19103F-16F7-4668-BE54-9A1E7A4F7556}") = "Nitrocid.Extras.Crc32", "public\Nitrocid.Addons\Nitrocid.Extras.Crc32\Nitrocid.Extras.Crc32.csproj", "{4CDBC217-C639-4D93-9F9A-FFD5956C0395}"
EndProject
Project("{9A19103F-16F7-4668-BE54-9A1E7A4F7556}") = "Nitrocid.Legacy.HddUncleaner", "public\Nitrocid.Addons\Nitrocid.Legacy.HddUncleaner\Nitrocid.Legacy.HddUncleaner.csproj", "{54334767-32A7-46E5-AC1F-5D263F0BE159}"
EndProject
Project("{9A19103F-16F7-4668-BE54-9A1E7A4F7556}") = "Nitrocid.LocaleTrim", "private\Nitrocid.LocaleTrim\Nitrocid.LocaleTrim.csproj", "{6524403F-F55E-4E8D-8A63-8A7D2FA518D3}"
EndProject
Project("{FAE04EC0-301F-11D3-BF4B-00C04F79EFBC}") = "Nitrocid.Extras.Md5", "public\Nitrocid.Addons\Nitrocid.Extras.Md5\Nitrocid.Extras.Md5.csproj", "{CE5F80A9-B27E-4D16-AEBB-A09677E63012}"
EndProject
Project("{FAE04EC0-301F-11D3-BF4B-00C04F79EFBC}") = "Nitrocid.Extras.Sha1", "public\Nitrocid.Addons\Nitrocid.Extras.Sha1\Nitrocid.Extras.Sha1.csproj", "{BB2BCBE2-1F15-4B5F-927F-172B4B7FE9D4}"
EndProject
Project("{FAE04EC0-301F-11D3-BF4B-00C04F79EFBC}") = "Nitrocid.Extras.Sha384", "public\Nitrocid.Addons\Nitrocid.Extras.Sha384\Nitrocid.Extras.Sha384.csproj", "{600337A5-0D56-476A-9428-52B1EF665950}"
EndProject
Global
	GlobalSection(SolutionConfigurationPlatforms) = preSolution
		Debug|Any CPU = Debug|Any CPU
		Release|Any CPU = Release|Any CPU
	EndGlobalSection
	GlobalSection(ProjectConfigurationPlatforms) = postSolution
		{C7B37899-C361-423D-9512-FE0A87A46866}.Debug|Any CPU.ActiveCfg = Debug|Any CPU
		{C7B37899-C361-423D-9512-FE0A87A46866}.Debug|Any CPU.Build.0 = Debug|Any CPU
		{C7B37899-C361-423D-9512-FE0A87A46866}.Release|Any CPU.ActiveCfg = Release|Any CPU
		{C7B37899-C361-423D-9512-FE0A87A46866}.Release|Any CPU.Build.0 = Release|Any CPU
		{2698CB71-9EF6-06A7-2A14-1AFF675F88CB}.Debug|Any CPU.ActiveCfg = Debug|Any CPU
		{2698CB71-9EF6-06A7-2A14-1AFF675F88CB}.Debug|Any CPU.Build.0 = Debug|Any CPU
		{2698CB71-9EF6-06A7-2A14-1AFF675F88CB}.Release|Any CPU.ActiveCfg = Release|Any CPU
		{2698CB71-9EF6-06A7-2A14-1AFF675F88CB}.Release|Any CPU.Build.0 = Release|Any CPU
		{8EDAE674-CC21-0D06-0641-064C500DE0CC}.Debug|Any CPU.ActiveCfg = Debug|Any CPU
		{8EDAE674-CC21-0D06-0641-064C500DE0CC}.Debug|Any CPU.Build.0 = Debug|Any CPU
		{8EDAE674-CC21-0D06-0641-064C500DE0CC}.Release|Any CPU.ActiveCfg = Release|Any CPU
		{8EDAE674-CC21-0D06-0641-064C500DE0CC}.Release|Any CPU.Build.0 = Release|Any CPU
		{22744969-682D-4974-895E-53079DA9EA3C}.Debug|Any CPU.ActiveCfg = Debug|Any CPU
		{22744969-682D-4974-895E-53079DA9EA3C}.Debug|Any CPU.Build.0 = Debug|Any CPU
		{22744969-682D-4974-895E-53079DA9EA3C}.Release|Any CPU.ActiveCfg = Release|Any CPU
		{22744969-682D-4974-895E-53079DA9EA3C}.Release|Any CPU.Build.0 = Release|Any CPU
		{09ACA8A4-5AC2-413B-A2EC-4FC5B168E5D0}.Debug|Any CPU.ActiveCfg = Debug|Any CPU
		{09ACA8A4-5AC2-413B-A2EC-4FC5B168E5D0}.Debug|Any CPU.Build.0 = Debug|Any CPU
		{09ACA8A4-5AC2-413B-A2EC-4FC5B168E5D0}.Release|Any CPU.ActiveCfg = Release|Any CPU
		{09ACA8A4-5AC2-413B-A2EC-4FC5B168E5D0}.Release|Any CPU.Build.0 = Release|Any CPU
		{511E3B93-C6BF-4DFF-88D1-165FD3BCF428}.Debug|Any CPU.ActiveCfg = Debug|Any CPU
		{511E3B93-C6BF-4DFF-88D1-165FD3BCF428}.Debug|Any CPU.Build.0 = Debug|Any CPU
		{511E3B93-C6BF-4DFF-88D1-165FD3BCF428}.Release|Any CPU.ActiveCfg = Release|Any CPU
		{511E3B93-C6BF-4DFF-88D1-165FD3BCF428}.Release|Any CPU.Build.0 = Release|Any CPU
		{92EFB380-0B78-4B92-A227-F0B6BF982F19}.Debug|Any CPU.ActiveCfg = Debug|Any CPU
		{92EFB380-0B78-4B92-A227-F0B6BF982F19}.Debug|Any CPU.Build.0 = Debug|Any CPU
		{92EFB380-0B78-4B92-A227-F0B6BF982F19}.Release|Any CPU.ActiveCfg = Release|Any CPU
		{92EFB380-0B78-4B92-A227-F0B6BF982F19}.Release|Any CPU.Build.0 = Release|Any CPU
		{A9D16C17-745F-467E-854F-A5C40A28D7A9}.Debug|Any CPU.ActiveCfg = Debug|Any CPU
		{A9D16C17-745F-467E-854F-A5C40A28D7A9}.Debug|Any CPU.Build.0 = Debug|Any CPU
		{A9D16C17-745F-467E-854F-A5C40A28D7A9}.Release|Any CPU.ActiveCfg = Release|Any CPU
		{A9D16C17-745F-467E-854F-A5C40A28D7A9}.Release|Any CPU.Build.0 = Release|Any CPU
		{E7FE453F-AD54-4286-B129-4788C7729F5F}.Debug|Any CPU.ActiveCfg = Debug|Any CPU
		{E7FE453F-AD54-4286-B129-4788C7729F5F}.Debug|Any CPU.Build.0 = Debug|Any CPU
		{E7FE453F-AD54-4286-B129-4788C7729F5F}.Release|Any CPU.ActiveCfg = Release|Any CPU
		{E7FE453F-AD54-4286-B129-4788C7729F5F}.Release|Any CPU.Build.0 = Release|Any CPU
		{AD2CC906-EC76-4736-A216-6453114A0C0C}.Debug|Any CPU.ActiveCfg = Debug|Any CPU
		{AD2CC906-EC76-4736-A216-6453114A0C0C}.Debug|Any CPU.Build.0 = Debug|Any CPU
		{AD2CC906-EC76-4736-A216-6453114A0C0C}.Release|Any CPU.ActiveCfg = Release|Any CPU
		{AD2CC906-EC76-4736-A216-6453114A0C0C}.Release|Any CPU.Build.0 = Release|Any CPU
		{CB35C763-7560-4B64-B756-9DE23FC5BBBE}.Debug|Any CPU.ActiveCfg = Debug|Any CPU
		{CB35C763-7560-4B64-B756-9DE23FC5BBBE}.Debug|Any CPU.Build.0 = Debug|Any CPU
		{CB35C763-7560-4B64-B756-9DE23FC5BBBE}.Release|Any CPU.ActiveCfg = Release|Any CPU
		{CB35C763-7560-4B64-B756-9DE23FC5BBBE}.Release|Any CPU.Build.0 = Release|Any CPU
		{DF07F4E1-47B2-452D-A200-F15F558C4977}.Debug|Any CPU.ActiveCfg = Debug|Any CPU
		{DF07F4E1-47B2-452D-A200-F15F558C4977}.Debug|Any CPU.Build.0 = Debug|Any CPU
		{DF07F4E1-47B2-452D-A200-F15F558C4977}.Release|Any CPU.ActiveCfg = Release|Any CPU
		{DF07F4E1-47B2-452D-A200-F15F558C4977}.Release|Any CPU.Build.0 = Release|Any CPU
		{5BA304B0-7162-4261-894C-9EDEF169253F}.Debug|Any CPU.ActiveCfg = Debug|Any CPU
		{5BA304B0-7162-4261-894C-9EDEF169253F}.Debug|Any CPU.Build.0 = Debug|Any CPU
		{5BA304B0-7162-4261-894C-9EDEF169253F}.Release|Any CPU.ActiveCfg = Release|Any CPU
		{5BA304B0-7162-4261-894C-9EDEF169253F}.Release|Any CPU.Build.0 = Release|Any CPU
		{795E304D-A5A0-45B6-BE43-D2842A28EB45}.Debug|Any CPU.ActiveCfg = Debug|Any CPU
		{795E304D-A5A0-45B6-BE43-D2842A28EB45}.Debug|Any CPU.Build.0 = Debug|Any CPU
		{795E304D-A5A0-45B6-BE43-D2842A28EB45}.Release|Any CPU.ActiveCfg = Release|Any CPU
		{795E304D-A5A0-45B6-BE43-D2842A28EB45}.Release|Any CPU.Build.0 = Release|Any CPU
		{B05191FF-8592-40BD-8120-61BF3BBDB252}.Debug|Any CPU.ActiveCfg = Debug|Any CPU
		{B05191FF-8592-40BD-8120-61BF3BBDB252}.Debug|Any CPU.Build.0 = Debug|Any CPU
		{B05191FF-8592-40BD-8120-61BF3BBDB252}.Release|Any CPU.ActiveCfg = Release|Any CPU
		{B05191FF-8592-40BD-8120-61BF3BBDB252}.Release|Any CPU.Build.0 = Release|Any CPU
		{105FE455-5D01-4B8C-AEF6-7F22A3BE28E6}.Debug|Any CPU.ActiveCfg = Debug|Any CPU
		{105FE455-5D01-4B8C-AEF6-7F22A3BE28E6}.Debug|Any CPU.Build.0 = Debug|Any CPU
		{105FE455-5D01-4B8C-AEF6-7F22A3BE28E6}.Release|Any CPU.ActiveCfg = Release|Any CPU
		{105FE455-5D01-4B8C-AEF6-7F22A3BE28E6}.Release|Any CPU.Build.0 = Release|Any CPU
		{DEB14710-C505-4207-9C50-C0EE4F0145D7}.Debug|Any CPU.ActiveCfg = Debug|Any CPU
		{DEB14710-C505-4207-9C50-C0EE4F0145D7}.Debug|Any CPU.Build.0 = Debug|Any CPU
		{DEB14710-C505-4207-9C50-C0EE4F0145D7}.Release|Any CPU.ActiveCfg = Release|Any CPU
		{DEB14710-C505-4207-9C50-C0EE4F0145D7}.Release|Any CPU.Build.0 = Release|Any CPU
		{5015FDA2-DF20-48A0-9A39-CAB01E68B216}.Debug|Any CPU.ActiveCfg = Debug|Any CPU
		{5015FDA2-DF20-48A0-9A39-CAB01E68B216}.Debug|Any CPU.Build.0 = Debug|Any CPU
		{5015FDA2-DF20-48A0-9A39-CAB01E68B216}.Release|Any CPU.ActiveCfg = Release|Any CPU
		{5015FDA2-DF20-48A0-9A39-CAB01E68B216}.Release|Any CPU.Build.0 = Release|Any CPU
		{1FF6B472-0BA8-4777-B29C-E59DEE906449}.Debug|Any CPU.ActiveCfg = Debug|Any CPU
		{1FF6B472-0BA8-4777-B29C-E59DEE906449}.Debug|Any CPU.Build.0 = Debug|Any CPU
		{1FF6B472-0BA8-4777-B29C-E59DEE906449}.Release|Any CPU.ActiveCfg = Release|Any CPU
		{1FF6B472-0BA8-4777-B29C-E59DEE906449}.Release|Any CPU.Build.0 = Release|Any CPU
		{AF42D099-F2C1-4028-B61B-531C73996DEC}.Debug|Any CPU.ActiveCfg = Debug|Any CPU
		{AF42D099-F2C1-4028-B61B-531C73996DEC}.Debug|Any CPU.Build.0 = Debug|Any CPU
		{AF42D099-F2C1-4028-B61B-531C73996DEC}.Release|Any CPU.ActiveCfg = Release|Any CPU
		{AF42D099-F2C1-4028-B61B-531C73996DEC}.Release|Any CPU.Build.0 = Release|Any CPU
		{7D35B696-2213-4B97-86E8-BBE0EDC30986}.Debug|Any CPU.ActiveCfg = Debug|Any CPU
		{7D35B696-2213-4B97-86E8-BBE0EDC30986}.Debug|Any CPU.Build.0 = Debug|Any CPU
		{7D35B696-2213-4B97-86E8-BBE0EDC30986}.Release|Any CPU.ActiveCfg = Release|Any CPU
		{7D35B696-2213-4B97-86E8-BBE0EDC30986}.Release|Any CPU.Build.0 = Release|Any CPU
		{5A7F971C-01BF-4A21-81A3-B35E730C6291}.Debug|Any CPU.ActiveCfg = Debug|Any CPU
		{5A7F971C-01BF-4A21-81A3-B35E730C6291}.Debug|Any CPU.Build.0 = Debug|Any CPU
		{5A7F971C-01BF-4A21-81A3-B35E730C6291}.Release|Any CPU.ActiveCfg = Release|Any CPU
		{5A7F971C-01BF-4A21-81A3-B35E730C6291}.Release|Any CPU.Build.0 = Release|Any CPU
		{6EF92B76-A66D-4964-A03A-85E78657CA35}.Debug|Any CPU.ActiveCfg = Debug|Any CPU
		{6EF92B76-A66D-4964-A03A-85E78657CA35}.Debug|Any CPU.Build.0 = Debug|Any CPU
		{6EF92B76-A66D-4964-A03A-85E78657CA35}.Release|Any CPU.ActiveCfg = Release|Any CPU
		{6EF92B76-A66D-4964-A03A-85E78657CA35}.Release|Any CPU.Build.0 = Release|Any CPU
		{DAF14C98-59F8-4C62-95B5-7ECE6B6D0AC7}.Debug|Any CPU.ActiveCfg = Debug|Any CPU
		{DAF14C98-59F8-4C62-95B5-7ECE6B6D0AC7}.Debug|Any CPU.Build.0 = Debug|Any CPU
		{DAF14C98-59F8-4C62-95B5-7ECE6B6D0AC7}.Release|Any CPU.ActiveCfg = Release|Any CPU
		{DAF14C98-59F8-4C62-95B5-7ECE6B6D0AC7}.Release|Any CPU.Build.0 = Release|Any CPU
		{A2221A27-DD49-4A3F-8C86-05C9BCD91B49}.Debug|Any CPU.ActiveCfg = Debug|Any CPU
		{A2221A27-DD49-4A3F-8C86-05C9BCD91B49}.Debug|Any CPU.Build.0 = Debug|Any CPU
		{A2221A27-DD49-4A3F-8C86-05C9BCD91B49}.Release|Any CPU.ActiveCfg = Release|Any CPU
		{A2221A27-DD49-4A3F-8C86-05C9BCD91B49}.Release|Any CPU.Build.0 = Release|Any CPU
		{B39C7E6E-1CD4-4C97-B6AE-0AA7592A37B6}.Debug|Any CPU.ActiveCfg = Debug|Any CPU
		{B39C7E6E-1CD4-4C97-B6AE-0AA7592A37B6}.Debug|Any CPU.Build.0 = Debug|Any CPU
		{B39C7E6E-1CD4-4C97-B6AE-0AA7592A37B6}.Release|Any CPU.ActiveCfg = Release|Any CPU
		{B39C7E6E-1CD4-4C97-B6AE-0AA7592A37B6}.Release|Any CPU.Build.0 = Release|Any CPU
		{496A58B1-70D3-418A-A1B6-703EA8FC0790}.Debug|Any CPU.ActiveCfg = Debug|Any CPU
		{496A58B1-70D3-418A-A1B6-703EA8FC0790}.Debug|Any CPU.Build.0 = Debug|Any CPU
		{496A58B1-70D3-418A-A1B6-703EA8FC0790}.Release|Any CPU.ActiveCfg = Release|Any CPU
		{496A58B1-70D3-418A-A1B6-703EA8FC0790}.Release|Any CPU.Build.0 = Release|Any CPU
		{FD43CAC8-4770-4C63-ABBF-C382D378C02E}.Debug|Any CPU.ActiveCfg = Debug|Any CPU
		{FD43CAC8-4770-4C63-ABBF-C382D378C02E}.Debug|Any CPU.Build.0 = Debug|Any CPU
		{FD43CAC8-4770-4C63-ABBF-C382D378C02E}.Release|Any CPU.ActiveCfg = Release|Any CPU
		{FD43CAC8-4770-4C63-ABBF-C382D378C02E}.Release|Any CPU.Build.0 = Release|Any CPU
		{47239E70-B4A0-4127-A6E9-0749EED2B3BB}.Debug|Any CPU.ActiveCfg = Debug|Any CPU
		{47239E70-B4A0-4127-A6E9-0749EED2B3BB}.Debug|Any CPU.Build.0 = Debug|Any CPU
		{47239E70-B4A0-4127-A6E9-0749EED2B3BB}.Release|Any CPU.ActiveCfg = Release|Any CPU
		{47239E70-B4A0-4127-A6E9-0749EED2B3BB}.Release|Any CPU.Build.0 = Release|Any CPU
		{1489748E-EB06-493F-946C-17707300BCBC}.Debug|Any CPU.ActiveCfg = Debug|Any CPU
		{1489748E-EB06-493F-946C-17707300BCBC}.Debug|Any CPU.Build.0 = Debug|Any CPU
		{1489748E-EB06-493F-946C-17707300BCBC}.Release|Any CPU.ActiveCfg = Release|Any CPU
		{1489748E-EB06-493F-946C-17707300BCBC}.Release|Any CPU.Build.0 = Release|Any CPU
		{1BDA8AC6-D528-4FC4-99B1-EB5C0DC58AF1}.Debug|Any CPU.ActiveCfg = Debug|Any CPU
		{1BDA8AC6-D528-4FC4-99B1-EB5C0DC58AF1}.Debug|Any CPU.Build.0 = Debug|Any CPU
		{1BDA8AC6-D528-4FC4-99B1-EB5C0DC58AF1}.Release|Any CPU.ActiveCfg = Release|Any CPU
		{1BDA8AC6-D528-4FC4-99B1-EB5C0DC58AF1}.Release|Any CPU.Build.0 = Release|Any CPU
		{61801B9A-33F4-425F-A491-D53596469967}.Debug|Any CPU.ActiveCfg = Debug|Any CPU
		{61801B9A-33F4-425F-A491-D53596469967}.Debug|Any CPU.Build.0 = Debug|Any CPU
		{61801B9A-33F4-425F-A491-D53596469967}.Release|Any CPU.ActiveCfg = Release|Any CPU
		{61801B9A-33F4-425F-A491-D53596469967}.Release|Any CPU.Build.0 = Release|Any CPU
		{F37FE782-25B3-4923-A098-668007AC74F6}.Debug|Any CPU.ActiveCfg = Debug|Any CPU
		{F37FE782-25B3-4923-A098-668007AC74F6}.Debug|Any CPU.Build.0 = Debug|Any CPU
		{F37FE782-25B3-4923-A098-668007AC74F6}.Release|Any CPU.ActiveCfg = Release|Any CPU
		{F37FE782-25B3-4923-A098-668007AC74F6}.Release|Any CPU.Build.0 = Release|Any CPU
		{A5AADCD6-8F1A-4DDC-BA7D-7D9914C60E81}.Debug|Any CPU.ActiveCfg = Debug|Any CPU
		{A5AADCD6-8F1A-4DDC-BA7D-7D9914C60E81}.Debug|Any CPU.Build.0 = Debug|Any CPU
		{A5AADCD6-8F1A-4DDC-BA7D-7D9914C60E81}.Release|Any CPU.ActiveCfg = Release|Any CPU
		{A5AADCD6-8F1A-4DDC-BA7D-7D9914C60E81}.Release|Any CPU.Build.0 = Release|Any CPU
		{576098AB-C503-4899-8837-EE358CF83D84}.Debug|Any CPU.ActiveCfg = Debug|Any CPU
		{576098AB-C503-4899-8837-EE358CF83D84}.Debug|Any CPU.Build.0 = Debug|Any CPU
		{576098AB-C503-4899-8837-EE358CF83D84}.Release|Any CPU.ActiveCfg = Release|Any CPU
		{576098AB-C503-4899-8837-EE358CF83D84}.Release|Any CPU.Build.0 = Release|Any CPU
		{F8ECF591-B6B0-4F0D-A5A9-8D7031FCB931}.Debug|Any CPU.ActiveCfg = Debug|Any CPU
		{F8ECF591-B6B0-4F0D-A5A9-8D7031FCB931}.Debug|Any CPU.Build.0 = Debug|Any CPU
		{F8ECF591-B6B0-4F0D-A5A9-8D7031FCB931}.Release|Any CPU.ActiveCfg = Release|Any CPU
		{F8ECF591-B6B0-4F0D-A5A9-8D7031FCB931}.Release|Any CPU.Build.0 = Release|Any CPU
		{05841EA5-C60B-4B56-B878-255DB57AF0F5}.Debug|Any CPU.ActiveCfg = Debug|Any CPU
		{05841EA5-C60B-4B56-B878-255DB57AF0F5}.Debug|Any CPU.Build.0 = Debug|Any CPU
		{05841EA5-C60B-4B56-B878-255DB57AF0F5}.Release|Any CPU.ActiveCfg = Release|Any CPU
		{05841EA5-C60B-4B56-B878-255DB57AF0F5}.Release|Any CPU.Build.0 = Release|Any CPU
		{53B6F4EB-1D44-4374-AE80-A62EF30E4512}.Debug|Any CPU.ActiveCfg = Debug|Any CPU
		{53B6F4EB-1D44-4374-AE80-A62EF30E4512}.Debug|Any CPU.Build.0 = Debug|Any CPU
		{53B6F4EB-1D44-4374-AE80-A62EF30E4512}.Release|Any CPU.ActiveCfg = Release|Any CPU
		{53B6F4EB-1D44-4374-AE80-A62EF30E4512}.Release|Any CPU.Build.0 = Release|Any CPU
		{A69CD587-AC67-4C22-8F56-7E8C500E7A09}.Debug|Any CPU.ActiveCfg = Debug|Any CPU
		{A69CD587-AC67-4C22-8F56-7E8C500E7A09}.Debug|Any CPU.Build.0 = Debug|Any CPU
		{A69CD587-AC67-4C22-8F56-7E8C500E7A09}.Release|Any CPU.ActiveCfg = Release|Any CPU
		{A69CD587-AC67-4C22-8F56-7E8C500E7A09}.Release|Any CPU.Build.0 = Release|Any CPU
		{EB30E7B1-667C-4184-A83A-42D47990219B}.Debug|Any CPU.ActiveCfg = Debug|Any CPU
		{EB30E7B1-667C-4184-A83A-42D47990219B}.Debug|Any CPU.Build.0 = Debug|Any CPU
		{EB30E7B1-667C-4184-A83A-42D47990219B}.Release|Any CPU.ActiveCfg = Release|Any CPU
		{EB30E7B1-667C-4184-A83A-42D47990219B}.Release|Any CPU.Build.0 = Release|Any CPU
		{5B956652-C8D2-41FA-97D5-3E00208959D0}.Debug|Any CPU.ActiveCfg = Debug|Any CPU
		{5B956652-C8D2-41FA-97D5-3E00208959D0}.Debug|Any CPU.Build.0 = Debug|Any CPU
		{5B956652-C8D2-41FA-97D5-3E00208959D0}.Release|Any CPU.ActiveCfg = Release|Any CPU
		{5B956652-C8D2-41FA-97D5-3E00208959D0}.Release|Any CPU.Build.0 = Release|Any CPU
		{3495603B-2389-410C-899C-F69EFDD17EE1}.Debug|Any CPU.ActiveCfg = Debug|Any CPU
		{3495603B-2389-410C-899C-F69EFDD17EE1}.Debug|Any CPU.Build.0 = Debug|Any CPU
		{3495603B-2389-410C-899C-F69EFDD17EE1}.Release|Any CPU.ActiveCfg = Release|Any CPU
		{3495603B-2389-410C-899C-F69EFDD17EE1}.Release|Any CPU.Build.0 = Release|Any CPU
		{50E56FBD-0CFE-4B47-9211-DA113BDC0D54}.Debug|Any CPU.ActiveCfg = Debug|Any CPU
		{50E56FBD-0CFE-4B47-9211-DA113BDC0D54}.Debug|Any CPU.Build.0 = Debug|Any CPU
		{50E56FBD-0CFE-4B47-9211-DA113BDC0D54}.Release|Any CPU.ActiveCfg = Release|Any CPU
		{50E56FBD-0CFE-4B47-9211-DA113BDC0D54}.Release|Any CPU.Build.0 = Release|Any CPU
		{0206B299-10B2-4FD4-B21A-14395AEE2E64}.Debug|Any CPU.ActiveCfg = Debug|Any CPU
		{0206B299-10B2-4FD4-B21A-14395AEE2E64}.Debug|Any CPU.Build.0 = Debug|Any CPU
		{0206B299-10B2-4FD4-B21A-14395AEE2E64}.Release|Any CPU.ActiveCfg = Release|Any CPU
		{0206B299-10B2-4FD4-B21A-14395AEE2E64}.Release|Any CPU.Build.0 = Release|Any CPU
		{71F19E75-8C3A-4224-94AD-6419E77F8670}.Debug|Any CPU.ActiveCfg = Debug|Any CPU
		{71F19E75-8C3A-4224-94AD-6419E77F8670}.Debug|Any CPU.Build.0 = Debug|Any CPU
		{71F19E75-8C3A-4224-94AD-6419E77F8670}.Release|Any CPU.ActiveCfg = Release|Any CPU
		{71F19E75-8C3A-4224-94AD-6419E77F8670}.Release|Any CPU.Build.0 = Release|Any CPU
		{C83EB703-1DE7-48C9-9406-1CFA5140235F}.Debug|Any CPU.ActiveCfg = Debug|Any CPU
		{C83EB703-1DE7-48C9-9406-1CFA5140235F}.Debug|Any CPU.Build.0 = Debug|Any CPU
		{C83EB703-1DE7-48C9-9406-1CFA5140235F}.Release|Any CPU.ActiveCfg = Release|Any CPU
		{C83EB703-1DE7-48C9-9406-1CFA5140235F}.Release|Any CPU.Build.0 = Release|Any CPU
		{47BECAD8-5DB2-4DE1-B0F0-3225E3396AF7}.Debug|Any CPU.ActiveCfg = Debug|Any CPU
		{47BECAD8-5DB2-4DE1-B0F0-3225E3396AF7}.Debug|Any CPU.Build.0 = Debug|Any CPU
		{47BECAD8-5DB2-4DE1-B0F0-3225E3396AF7}.Release|Any CPU.ActiveCfg = Release|Any CPU
		{47BECAD8-5DB2-4DE1-B0F0-3225E3396AF7}.Release|Any CPU.Build.0 = Release|Any CPU
		{4CDBC217-C639-4D93-9F9A-FFD5956C0395}.Debug|Any CPU.ActiveCfg = Debug|Any CPU
		{4CDBC217-C639-4D93-9F9A-FFD5956C0395}.Debug|Any CPU.Build.0 = Debug|Any CPU
		{4CDBC217-C639-4D93-9F9A-FFD5956C0395}.Release|Any CPU.ActiveCfg = Release|Any CPU
		{4CDBC217-C639-4D93-9F9A-FFD5956C0395}.Release|Any CPU.Build.0 = Release|Any CPU
		{54334767-32A7-46E5-AC1F-5D263F0BE159}.Debug|Any CPU.ActiveCfg = Debug|Any CPU
		{54334767-32A7-46E5-AC1F-5D263F0BE159}.Debug|Any CPU.Build.0 = Debug|Any CPU
		{54334767-32A7-46E5-AC1F-5D263F0BE159}.Release|Any CPU.ActiveCfg = Release|Any CPU
		{54334767-32A7-46E5-AC1F-5D263F0BE159}.Release|Any CPU.Build.0 = Release|Any CPU
		{6524403F-F55E-4E8D-8A63-8A7D2FA518D3}.Debug|Any CPU.ActiveCfg = Debug|Any CPU
		{6524403F-F55E-4E8D-8A63-8A7D2FA518D3}.Debug|Any CPU.Build.0 = Debug|Any CPU
		{6524403F-F55E-4E8D-8A63-8A7D2FA518D3}.Release|Any CPU.ActiveCfg = Release|Any CPU
		{6524403F-F55E-4E8D-8A63-8A7D2FA518D3}.Release|Any CPU.Build.0 = Release|Any CPU
		{CE5F80A9-B27E-4D16-AEBB-A09677E63012}.Debug|Any CPU.ActiveCfg = Debug|Any CPU
		{CE5F80A9-B27E-4D16-AEBB-A09677E63012}.Debug|Any CPU.Build.0 = Debug|Any CPU
		{CE5F80A9-B27E-4D16-AEBB-A09677E63012}.Release|Any CPU.ActiveCfg = Release|Any CPU
		{CE5F80A9-B27E-4D16-AEBB-A09677E63012}.Release|Any CPU.Build.0 = Release|Any CPU
		{BB2BCBE2-1F15-4B5F-927F-172B4B7FE9D4}.Debug|Any CPU.ActiveCfg = Debug|Any CPU
		{BB2BCBE2-1F15-4B5F-927F-172B4B7FE9D4}.Debug|Any CPU.Build.0 = Debug|Any CPU
		{BB2BCBE2-1F15-4B5F-927F-172B4B7FE9D4}.Release|Any CPU.ActiveCfg = Release|Any CPU
		{BB2BCBE2-1F15-4B5F-927F-172B4B7FE9D4}.Release|Any CPU.Build.0 = Release|Any CPU
		{600337A5-0D56-476A-9428-52B1EF665950}.Debug|Any CPU.ActiveCfg = Debug|Any CPU
		{600337A5-0D56-476A-9428-52B1EF665950}.Debug|Any CPU.Build.0 = Debug|Any CPU
		{600337A5-0D56-476A-9428-52B1EF665950}.Release|Any CPU.ActiveCfg = Release|Any CPU
		{600337A5-0D56-476A-9428-52B1EF665950}.Release|Any CPU.Build.0 = Release|Any CPU
	EndGlobalSection
	GlobalSection(SolutionProperties) = preSolution
		HideSolutionNode = FALSE
	EndGlobalSection
	GlobalSection(NestedProjects) = preSolution
		{C7B37899-C361-423D-9512-FE0A87A46866} = {A32F9CED-BCDB-48A7-A42D-E98E33BD6E65}
		{2698CB71-9EF6-06A7-2A14-1AFF675F88CB} = {D5693E90-DBB5-4C20-B83B-A200CEB8A639}
		{8EDAE674-CC21-0D06-0641-064C500DE0CC} = {804E124D-5B66-4F40-BB98-776CD386E618}
		{22744969-682D-4974-895E-53079DA9EA3C} = {5427F963-3094-4111-AB05-DAE364A8DF67}
		{09ACA8A4-5AC2-413B-A2EC-4FC5B168E5D0} = {804E124D-5B66-4F40-BB98-776CD386E618}
		{511E3B93-C6BF-4DFF-88D1-165FD3BCF428} = {60986DC6-07C5-40D1-A305-741E8ABE39FC}
		{92EFB380-0B78-4B92-A227-F0B6BF982F19} = {60986DC6-07C5-40D1-A305-741E8ABE39FC}
		{A9D16C17-745F-467E-854F-A5C40A28D7A9} = {60986DC6-07C5-40D1-A305-741E8ABE39FC}
		{E7FE453F-AD54-4286-B129-4788C7729F5F} = {D5693E90-DBB5-4C20-B83B-A200CEB8A639}
		{AD2CC906-EC76-4736-A216-6453114A0C0C} = {60986DC6-07C5-40D1-A305-741E8ABE39FC}
		{CB35C763-7560-4B64-B756-9DE23FC5BBBE} = {5427F963-3094-4111-AB05-DAE364A8DF67}
		{DF07F4E1-47B2-452D-A200-F15F558C4977} = {60986DC6-07C5-40D1-A305-741E8ABE39FC}
		{5BA304B0-7162-4261-894C-9EDEF169253F} = {5427F963-3094-4111-AB05-DAE364A8DF67}
		{B60F276A-FE12-4001-916E-080344ED1FD9} = {A32F9CED-BCDB-48A7-A42D-E98E33BD6E65}
		{795E304D-A5A0-45B6-BE43-D2842A28EB45} = {B60F276A-FE12-4001-916E-080344ED1FD9}
		{B05191FF-8592-40BD-8120-61BF3BBDB252} = {B60F276A-FE12-4001-916E-080344ED1FD9}
		{105FE455-5D01-4B8C-AEF6-7F22A3BE28E6} = {B60F276A-FE12-4001-916E-080344ED1FD9}
		{DEB14710-C505-4207-9C50-C0EE4F0145D7} = {B60F276A-FE12-4001-916E-080344ED1FD9}
		{5015FDA2-DF20-48A0-9A39-CAB01E68B216} = {B60F276A-FE12-4001-916E-080344ED1FD9}
		{1FF6B472-0BA8-4777-B29C-E59DEE906449} = {B60F276A-FE12-4001-916E-080344ED1FD9}
		{AF42D099-F2C1-4028-B61B-531C73996DEC} = {B60F276A-FE12-4001-916E-080344ED1FD9}
		{7D35B696-2213-4B97-86E8-BBE0EDC30986} = {B60F276A-FE12-4001-916E-080344ED1FD9}
		{5A7F971C-01BF-4A21-81A3-B35E730C6291} = {B60F276A-FE12-4001-916E-080344ED1FD9}
		{6EF92B76-A66D-4964-A03A-85E78657CA35} = {B60F276A-FE12-4001-916E-080344ED1FD9}
		{DAF14C98-59F8-4C62-95B5-7ECE6B6D0AC7} = {B60F276A-FE12-4001-916E-080344ED1FD9}
		{A2221A27-DD49-4A3F-8C86-05C9BCD91B49} = {B60F276A-FE12-4001-916E-080344ED1FD9}
		{B39C7E6E-1CD4-4C97-B6AE-0AA7592A37B6} = {B60F276A-FE12-4001-916E-080344ED1FD9}
		{496A58B1-70D3-418A-A1B6-703EA8FC0790} = {B60F276A-FE12-4001-916E-080344ED1FD9}
		{FD43CAC8-4770-4C63-ABBF-C382D378C02E} = {B60F276A-FE12-4001-916E-080344ED1FD9}
		{47239E70-B4A0-4127-A6E9-0749EED2B3BB} = {B60F276A-FE12-4001-916E-080344ED1FD9}
		{1489748E-EB06-493F-946C-17707300BCBC} = {B60F276A-FE12-4001-916E-080344ED1FD9}
		{1BDA8AC6-D528-4FC4-99B1-EB5C0DC58AF1} = {B60F276A-FE12-4001-916E-080344ED1FD9}
		{61801B9A-33F4-425F-A491-D53596469967} = {B60F276A-FE12-4001-916E-080344ED1FD9}
		{F37FE782-25B3-4923-A098-668007AC74F6} = {B60F276A-FE12-4001-916E-080344ED1FD9}
		{A5AADCD6-8F1A-4DDC-BA7D-7D9914C60E81} = {B60F276A-FE12-4001-916E-080344ED1FD9}
		{576098AB-C503-4899-8837-EE358CF83D84} = {B60F276A-FE12-4001-916E-080344ED1FD9}
		{F8ECF591-B6B0-4F0D-A5A9-8D7031FCB931} = {B60F276A-FE12-4001-916E-080344ED1FD9}
		{05841EA5-C60B-4B56-B878-255DB57AF0F5} = {B60F276A-FE12-4001-916E-080344ED1FD9}
		{53B6F4EB-1D44-4374-AE80-A62EF30E4512} = {B60F276A-FE12-4001-916E-080344ED1FD9}
		{A69CD587-AC67-4C22-8F56-7E8C500E7A09} = {B60F276A-FE12-4001-916E-080344ED1FD9}
		{EB30E7B1-667C-4184-A83A-42D47990219B} = {B60F276A-FE12-4001-916E-080344ED1FD9}
		{5B956652-C8D2-41FA-97D5-3E00208959D0} = {B60F276A-FE12-4001-916E-080344ED1FD9}
		{3495603B-2389-410C-899C-F69EFDD17EE1} = {B60F276A-FE12-4001-916E-080344ED1FD9}
		{50E56FBD-0CFE-4B47-9211-DA113BDC0D54} = {B60F276A-FE12-4001-916E-080344ED1FD9}
		{60986DC6-07C5-40D1-A305-741E8ABE39FC} = {A32F9CED-BCDB-48A7-A42D-E98E33BD6E65}
		{804E124D-5B66-4F40-BB98-776CD386E618} = {A32F9CED-BCDB-48A7-A42D-E98E33BD6E65}
		{5427F963-3094-4111-AB05-DAE364A8DF67} = {61916ED1-66D6-4938-9F1A-D0DF38D16E20}
		{D5693E90-DBB5-4C20-B83B-A200CEB8A639} = {61916ED1-66D6-4938-9F1A-D0DF38D16E20}
		{0206B299-10B2-4FD4-B21A-14395AEE2E64} = {B60F276A-FE12-4001-916E-080344ED1FD9}
		{71F19E75-8C3A-4224-94AD-6419E77F8670} = {B60F276A-FE12-4001-916E-080344ED1FD9}
		{C83EB703-1DE7-48C9-9406-1CFA5140235F} = {B60F276A-FE12-4001-916E-080344ED1FD9}
		{47BECAD8-5DB2-4DE1-B0F0-3225E3396AF7} = {B60F276A-FE12-4001-916E-080344ED1FD9}
		{4CDBC217-C639-4D93-9F9A-FFD5956C0395} = {B60F276A-FE12-4001-916E-080344ED1FD9}
		{54334767-32A7-46E5-AC1F-5D263F0BE159} = {B60F276A-FE12-4001-916E-080344ED1FD9}
		{6524403F-F55E-4E8D-8A63-8A7D2FA518D3} = {5427F963-3094-4111-AB05-DAE364A8DF67}
		{CE5F80A9-B27E-4D16-AEBB-A09677E63012} = {B60F276A-FE12-4001-916E-080344ED1FD9}
		{BB2BCBE2-1F15-4B5F-927F-172B4B7FE9D4} = {B60F276A-FE12-4001-916E-080344ED1FD9}
		{600337A5-0D56-476A-9428-52B1EF665950} = {B60F276A-FE12-4001-916E-080344ED1FD9}
	EndGlobalSection
	GlobalSection(ExtensibilityGlobals) = postSolution
		SolutionGuid = {424D8E7A-CFEB-40AE-A79C-437D603177FD}
	EndGlobalSection
EndGlobal
